{
  "name": "@faddymichel/shell",
  "version": "1.1.2",
  "lockfileVersion": 2,
  "requires": true,
  "packages": {
    "": {
      "name": "@faddymichel/shell",
      "version": "1.1.2",
      "license": "MIT",
      "dependencies": {
        "@faddymichel/scenarist": "^1.3.3"
      }
    },
    "node_modules/@faddymichel/scenarist": {
      "version": "1.3.3",
      "resolved": "https://registry.npmjs.org/@faddymichel/scenarist/-/scenarist-1.3.3.tgz",
      "integrity": "sha512-u80zBOYC7qUcIladi+74rVDnnkFYuUboAywSPZXJH2Lf23hXoFZKjF2brsThHFOWKsAnMSzk2hRI/9jVes2BtA=="
    }
  },
  "dependencies": {
    "@faddymichel/scenarist": {
      "version": "1.3.3",
      "resolved": "https://registry.npmjs.org/@faddymichel/scenarist/-/scenarist-1.3.3.tgz",
      "integrity": "sha512-u80zBOYC7qUcIladi+74rVDnnkFYuUboAywSPZXJH2Lf23hXoFZKjF2brsThHFOWKsAnMSzk2hRI/9jVes2BtA=="
    }
  }
}
