{
  "name": "@faddymichel/language",
  "version": "1.0.1",
  "lockfileVersion": 2,
  "requires": true,
  "packages": {
    "": {
      "name": "@faddymichel/language",
      "version": "1.0.1",
      "license": "MIT",
      "dependencies": {
        "@faddymichel/scenarist": "^1.1.1"
      }
    },
    "node_modules/@faddymichel/scenarist": {
      "version": "1.1.1",
      "resolved": "https://registry.npmjs.org/@faddymichel/scenarist/-/scenarist-1.1.1.tgz",
      "integrity": "sha512-xP4cjqgf69u68qgH41rl+6gXULHEavXSuJy6RMyVdIvhpDNulmVW4D1JVlIOi5EfK1Mpj5cgLxIi6hz4WIdlwA=="
    }
  },
  "dependencies": {
    "@faddymichel/scenarist": {
      "version": "1.1.1",
      "resolved": "https://registry.npmjs.org/@faddymichel/scenarist/-/scenarist-1.1.1.tgz",
      "integrity": "sha512-xP4cjqgf69u68qgH41rl+6gXULHEavXSuJy6RMyVdIvhpDNulmVW4D1JVlIOi5EfK1Mpj5cgLxIi6hz4WIdlwA=="
    }
  }
}
