{
  "name": "@faddymichel/language",
  "version": "1.0.4",
  "lockfileVersion": 2,
  "requires": true,
  "packages": {
    "": {
      "name": "@faddymichel/language",
      "version": "1.0.4",
      "license": "MIT",
      "dependencies": {
        "@faddymichel/scenarist": "^1.3.0"
      }
    },
    "node_modules/@faddymichel/scenarist": {
      "version": "1.3.0",
      "resolved": "https://registry.npmjs.org/@faddymichel/scenarist/-/scenarist-1.3.0.tgz",
      "integrity": "sha512-vMncR3HKOiw7C1SQMGI9fW/Yae4Lkp9YnbBzbVOb7sAhLYK3PMsKAvSlIXjV53PU+8XEXBm7JdV1PHsjNtkPhQ=="
    }
  },
  "dependencies": {
    "@faddymichel/scenarist": {
      "version": "1.3.0",
      "resolved": "https://registry.npmjs.org/@faddymichel/scenarist/-/scenarist-1.3.0.tgz",
      "integrity": "sha512-vMncR3HKOiw7C1SQMGI9fW/Yae4Lkp9YnbBzbVOb7sAhLYK3PMsKAvSlIXjV53PU+8XEXBm7JdV1PHsjNtkPhQ=="
    }
  }
}
